
Microsoft Visual Studio Solution File, Format Version 12.00
# Visual Studio 2012
Project("{FAE04EC0-301F-11D3-BF4B-00C04F79EFBC}") = "Demo4", "Demo4\Demo4.csproj", "{1DFD5FDB-E6CF-46EA-BF99-F93724EB3023}"
EndProject
Global
	GlobalSection(SolutionConfigurationPlatforms) = preSolution
		Debug|Any CPU = Debug|Any CPU
		Release|Any CPU = Release|Any CPU
	EndGlobalSection
	GlobalSection(ProjectConfigurationPlatforms) = postSolution
		{1DFD5FDB-E6CF-46EA-BF99-F93724EB3023}.Debug|Any CPU.ActiveCfg = Debug|Any CPU
		{1DFD5FDB-E6CF-46EA-BF99-F93724EB3023}.Debug|Any CPU.Build.0 = Debug|Any CPU
		{1DFD5FDB-E6CF-46EA-BF99-F93724EB3023}.Release|Any CPU.ActiveCfg = Release|Any CPU
		{1DFD5FDB-E6CF-46EA-BF99-F93724EB3023}.Release|Any CPU.Build.0 = Release|Any CPU
	EndGlobalSection
	GlobalSection(SolutionProperties) = preSolution
		HideSolutionNode = FALSE
	EndGlobalSection
EndGlobal
